
Microsoft Visual Studio Solution File, Format Version 12.00
# Visual Studio Version 16
VisualStudioVersion = 16.0.31515.178
MinimumVisualStudioVersion = 10.0.40219.1
Project("{FAE04EC0-301F-11D3-BF4B-00C04F79EFBC}") = "naocene", "naocene\naocene.csproj", "{8EFCCFFD-DA6D-4300-8D46-AF1FF004BE5D}"
EndProject
Global
	GlobalSection(SolutionConfigurationPlatforms) = preSolution
		Debug|Any CPU = Debug|Any CPU
		Release|Any CPU = Release|Any CPU
	EndGlobalSection
	GlobalSection(ProjectConfigurationPlatforms) = postSolution
		{8EFCCFFD-DA6D-4300-8D46-AF1FF004BE5D}.Debug|Any CPU.ActiveCfg = Debug|Any CPU
		{8EFCCFFD-DA6D-4300-8D46-AF1FF004BE5D}.Debug|Any CPU.Build.0 = Debug|Any CPU
		{8EFCCFFD-DA6D-4300-8D46-AF1FF004BE5D}.Release|Any CPU.ActiveCfg = Release|Any CPU
		{8EFCCFFD-DA6D-4300-8D46-AF1FF004BE5D}.Release|Any CPU.Build.0 = Release|Any CPU
	EndGlobalSection
	GlobalSection(SolutionProperties) = preSolution
		HideSolutionNode = FALSE
	EndGlobalSection
	GlobalSection(ExtensibilityGlobals) = postSolution
		SolutionGuid = {9DBD14D6-5196-4938-B5AC-C605FD709318}
	EndGlobalSection
EndGlobal
